// !$*UTF8*$!
{
	archiveVersion = 1;
	classes = {
	};
	objectVersion = 46;
	objects = {

/* Begin PBXBuildFile section */
		AD5266601A3042F7005FC268 /* main.m in Sources */ = {isa = PBXBuildFile; fileRef = AD52665F1A3042F7005FC268 /* main.m */; };
		AD5266631A3042F7005FC268 /* AppDelegate.m in Sources */ = {isa = PBXBuildFile; fileRef = AD5266621A3042F7005FC268 /* AppDelegate.m */; };
		AD5266661A3042F7005FC268 /* ViewController.mm in Sources */ = {isa = PBXBuildFile; fileRef = AD5266651A3042F7005FC268 /* ViewController.mm */; };
		AD5266691A3042F7005FC268 /* Main.storyboard in Resources */ = {isa = PBXBuildFile; fileRef = AD5266671A3042F7005FC268 /* Main.storyboard */; };
		AD52666B1A3042F7005FC268 /* Images.xcassets in Resources */ = {isa = PBXBuildFile; fileRef = AD52666A1A3042F7005FC268 /* Images.xcassets */; };
		AD52666E1A3042F7005FC268 /* LaunchScreen.xib in Resources */ = {isa = PBXBuildFile; fileRef = AD52666C1A3042F7005FC268 /* LaunchScreen.xib */; };
		AD52667A1A3042F8005FC268 /* FMMRDemoTests.m in Sources */ = {isa = PBXBuildFile; fileRef = AD5266791A3042F8005FC268 /* FMMRDemoTests.m */; };
		AD96D85B1A30B73700BAB585 /* libiconv.2.dylib in Frameworks */ = {isa = PBXBuildFile; fileRef = AD96D85A1A30B73700BAB585 /* libiconv.2.dylib */; };
		AD96D85D1A30B73F00BAB585 /* libz.1.dylib in Frameworks */ = {isa = PBXBuildFile; fileRef = AD96D85C1A30B73F00BAB585 /* libz.1.dylib */; };
		AD96D8621A30B95F00BAB585 /* libFMMRLibrary.a in Frameworks */ = {isa = PBXBuildFile; fileRef = AD96D8611A30B95F00BAB585 /* libFMMRLibrary.a */; };
		AD96D8641A30B9F200BAB585 /* libbz2.1.0.dylib in Frameworks */ = {isa = PBXBuildFile; fileRef = AD96D8631A30B9F200BAB585 /* libbz2.1.0.dylib */; };
/* End PBXBuildFile section */

/* Begin PBXContainerItemProxy section */
		AD5266741A3042F8005FC268 /* PBXContainerItemProxy */ = {
			isa = PBXContainerItemProxy;
			containerPortal = AD5266521A3042F7005FC268 /* Project object */;
			proxyType = 1;
			remoteGlobalIDString = AD5266591A3042F7005FC268;
			remoteInfo = FMMRDemo;
		};
/* End PBXContainerItemProxy section */

/* Begin PBXFileReference section */
		AD52665A1A3042F7005FC268 /* FMMRDemo.app */ = {isa = PBXFileReference; explicitFileType = wrapper.application; includeInIndex = 0; path = FMMRDemo.app; sourceTree = BUILT_PRODUCTS_DIR; };
		AD52665E1A3042F7005FC268 /* Info.plist */ = {isa = PBXFileReference; lastKnownFileType = text.plist.xml; path = Info.plist; sourceTree = "<group>"; };
		AD52665F1A3042F7005FC268 /* main.m */ = {isa = PBXFileReference; lastKnownFileType = sourcecode.c.objc; path = main.m; sourceTree = "<group>"; };
		AD5266611A3042F7005FC268 /* AppDelegate.h */ = {isa = PBXFileReference; lastKnownFileType = sourcecode.c.h; path = AppDelegate.h; sourceTree = "<group>"; };
		AD5266621A3042F7005FC268 /* AppDelegate.m */ = {isa = PBXFileReference; lastKnownFileType = sourcecode.c.objc; path = AppDelegate.m; sourceTree = "<group>"; };
		AD5266641A3042F7005FC268 /* ViewController.h */ = {isa = PBXFileReference; lastKnownFileType = sourcecode.c.h; path = ViewController.h; sourceTree = "<group>"; };
		AD5266651A3042F7005FC268 /* ViewController.mm */ = {isa = PBXFileReference; lastKnownFileType = sourcecode.cpp.objcpp; path = ViewController.mm; sourceTree = "<group>"; };
		AD5266681A3042F7005FC268 /* Base */ = {isa = PBXFileReference; lastKnownFileType = file.storyboard; name = Base; path = Base.lproj/Main.storyboard; sourceTree = "<group>"; };
		AD52666A1A3042F7005FC268 /* Images.xcassets */ = {isa = PBXFileReference; lastKnownFileType = folder.assetcatalog; path = Images.xcassets; sourceTree = "<group>"; };
		AD52666D1A3042F7005FC268 /* Base */ = {isa = PBXFileReference; lastKnownFileType = file.xib; name = Base; path = Base.lproj/LaunchScreen.xib; sourceTree = "<group>"; };
		AD5266731A3042F8005FC268 /* FMMRDemoTests.xctest */ = {isa = PBXFileReference; explicitFileType = wrapper.cfbundle; includeInIndex = 0; path = FMMRDemoTests.xctest; sourceTree = BUILT_PRODUCTS_DIR; };
		AD5266781A3042F8005FC268 /* Info.plist */ = {isa = PBXFileReference; lastKnownFileType = text.plist.xml; path = Info.plist; sourceTree = "<group>"; };
		AD5266791A3042F8005FC268 /* FMMRDemoTests.m */ = {isa = PBXFileReference; lastKnownFileType = sourcecode.c.objc; path = FMMRDemoTests.m; sourceTree = "<group>"; };
		AD96D85A1A30B73700BAB585 /* libiconv.2.dylib */ = {isa = PBXFileReference; lastKnownFileType = "compiled.mach-o.dylib"; name = libiconv.2.dylib; path = usr/lib/libiconv.2.dylib; sourceTree = SDKROOT; };
		AD96D85C1A30B73F00BAB585 /* libz.1.dylib */ = {isa = PBXFileReference; lastKnownFileType = "compiled.mach-o.dylib"; name = libz.1.dylib; path = usr/lib/libz.1.dylib; sourceTree = SDKROOT; };
		AD96D8611A30B95F00BAB585 /* libFMMRLibrary.a */ = {isa = PBXFileReference; lastKnownFileType = archive.ar; path = libFMMRLibrary.a; sourceTree = "<group>"; };
		AD96D8631A30B9F200BAB585 /* libbz2.1.0.dylib */ = {isa = PBXFileReference; lastKnownFileType = "compiled.mach-o.dylib"; name = libbz2.1.0.dylib; path = usr/lib/libbz2.1.0.dylib; sourceTree = SDKROOT; };
/* End PBXFileReference section */

/* Begin PBXFrameworksBuildPhase section */
		AD5266571A3042F7005FC268 /* Frameworks */ = {
			isa = PBXFrameworksBuildPhase;
			buildActionMask = 2147483647;
			files = (
				AD96D8641A30B9F200BAB585 /* libbz2.1.0.dylib in Frameworks */,
				AD96D8621A30B95F00BAB585 /* libFMMRLibrary.a in Frameworks */,
				AD96D85D1A30B73F00BAB585 /* libz.1.dylib in Frameworks */,
				AD96D85B1A30B73700BAB585 /* libiconv.2.dylib in Frameworks */,
			);
			runOnlyForDeploymentPostprocessing = 0;
		};
		AD5266701A3042F8005FC268 /* Frameworks */ = {
			isa = PBXFrameworksBuildPhase;
			buildActionMask = 2147483647;
			files = (
			);
			runOnlyForDeploymentPostprocessing = 0;
		};
/* End PBXFrameworksBuildPhase section */

/* Begin PBXGroup section */
		AD5266511A3042F7005FC268 = {
			isa = PBXGroup;
			children = (
				AD96D8631A30B9F200BAB585 /* libbz2.1.0.dylib */,
				AD96D8611A30B95F00BAB585 /* libFMMRLibrary.a */,
				AD96D85C1A30B73F00BAB585 /* libz.1.dylib */,
				AD96D85A1A30B73700BAB585 /* libiconv.2.dylib */,
				AD52665C1A3042F7005FC268 /* FMMRDemo */,
				AD5266761A3042F8005FC268 /* FMMRDemoTests */,
				AD52665B1A3042F7005FC268 /* Products */,
			);
			sourceTree = "<group>";
		};
		AD52665B1A3042F7005FC268 /* Products */ = {
			isa = PBXGroup;
			children = (
				AD52665A1A3042F7005FC268 /* FMMRDemo.app */,
				AD5266731A3042F8005FC268 /* FMMRDemoTests.xctest */,
			);
			name = Products;
			sourceTree = "<group>";
		};
		AD52665C1A3042F7005FC268 /* FMMRDemo */ = {
			isa = PBXGroup;
			children = (
				AD5266611A3042F7005FC268 /* AppDelegate.h */,
				AD5266621A3042F7005FC268 /* AppDelegate.m */,
				AD5266641A3042F7005FC268 /* ViewController.h */,
				AD5266651A3042F7005FC268 /* ViewController.mm */,
				AD5266671A3042F7005FC268 /* Main.storyboard */,
				AD52666A1A3042F7005FC268 /* Images.xcassets */,
				AD52666C1A3042F7005FC268 /* LaunchScreen.xib */,
				AD52665D1A3042F7005FC268 /* Supporting Files */,
			);
			path = FMMRDemo;
			sourceTree = "<group>";
		};
		AD52665D1A3042F7005FC268 /* Supporting Files */ = {
			isa = PBXGroup;
			children = (
				AD52665E1A3042F7005FC268 /* Info.plist */,
				AD52665F1A3042F7005FC268 /* main.m */,
			);
			name = "Supporting Files";
			sourceTree = "<group>";
		};
		AD5266761A3042F8005FC268 /* FMMRDemoTests */ = {
			isa = PBXGroup;
			children = (
				AD5266791A3042F8005FC268 /* FMMRDemoTests.m */,
				AD5266771A3042F8005FC268 /* Supporting Files */,
			);
			path = FMMRDemoTests;
			sourceTree = "<group>";
		};
		AD5266771A3042F8005FC268 /* Supporting Files */ = {
			isa = PBXGroup;
			children = (
				AD5266781A3042F8005FC268 /* Info.plist */,
			);
			name = "Supporting Files";
			sourceTree = "<group>";
		};
/* End PBXGroup section */

/* Begin PBXNativeTarget section */
		AD5266591A3042F7005FC268 /* FMMRDemo */ = {
			isa = PBXNativeTarget;
			buildConfigurationList = AD52667D1A3042F8005FC268 /* Build configuration list for PBXNativeTarget "FMMRDemo" */;
			buildPhases = (
				AD5266561A3042F7005FC268 /* Sources */,
				AD5266571A3042F7005FC268 /* Frameworks */,
				AD5266581A3042F7005FC268 /* Resources */,
			);
			buildRules = (
			);
			dependencies = (
			);
			name = FMMRDemo;
			productName = FMMRDemo;
			productReference = AD52665A1A3042F7005FC268 /* FMMRDemo.app */;
			productType = "com.apple.product-type.application";
		};
		AD5266721A3042F8005FC268 /* FMMRDemoTests */ = {
			isa = PBXNativeTarget;
			buildConfigurationList = AD5266801A3042F8005FC268 /* Build configuration list for PBXNativeTarget "FMMRDemoTests" */;
			buildPhases = (
				AD52666F1A3042F8005FC268 /* Sources */,
				AD5266701A3042F8005FC268 /* Frameworks */,
				AD5266711A3042F8005FC268 /* Resources */,
			);
			buildRules = (
			);
			dependencies = (
				AD5266751A3042F8005FC268 /* PBXTargetDependency */,
			);
			name = FMMRDemoTests;
			productName = FMMRDemoTests;
			productReference = AD5266731A3042F8005FC268 /* FMMRDemoTests.xctest */;
			productType = "com.apple.product-type.bundle.unit-test";
		};
/* End PBXNativeTarget section */

/* Begin PBXProject section */
		AD5266521A3042F7005FC268 /* Project object */ = {
			isa = PBXProject;
			attributes = {
				LastUpgradeCheck = 0610;
				ORGANIZATIONNAME = "William Seemann";
				TargetAttributes = {
					AD5266591A3042F7005FC268 = {
						CreatedOnToolsVersion = 6.1.1;
					};
					AD5266721A3042F8005FC268 = {
						CreatedOnToolsVersion = 6.1.1;
						TestTargetID = AD5266591A3042F7005FC268;
					};
				};
			};
			buildConfigurationList = AD5266551A3042F7005FC268 /* Build configuration list for PBXProject "FMMRDemo" */;
			compatibilityVersion = "Xcode 3.2";
			developmentRegion = English;
			hasScannedForEncodings = 0;
			knownRegions = (
				en,
				Base,
			);
			mainGroup = AD5266511A3042F7005FC268;
			productRefGroup = AD52665B1A3042F7005FC268 /* Products */;
			projectDirPath = "";
			projectRoot = "";
			targets = (
				AD5266591A3042F7005FC268 /* FMMRDemo */,
				AD5266721A3042F8005FC268 /* FMMRDemoTests */,
			);
		};
/* End PBXProject section */

/* Begin PBXResourcesBuildPhase section */
		AD5266581A3042F7005FC268 /* Resources */ = {
			isa = PBXResourcesBuildPhase;
			buildActionMask = 2147483647;
			files = (
				AD5266691A3042F7005FC268 /* Main.storyboard in Resources */,
				AD52666E1A3042F7005FC268 /* LaunchScreen.xib in Resources */,
				AD52666B1A3042F7005FC268 /* Images.xcassets in Resources */,
			);
			runOnlyForDeploymentPostprocessing = 0;
		};
		AD5266711A3042F8005FC268 /* Resources */ = {
			isa = PBXResourcesBuildPhase;
			buildActionMask = 2147483647;
			files = (
			);
			runOnlyForDeploymentPostprocessing = 0;
		};
/* End PBXResourcesBuildPhase section */

/* Begin PBXSourcesBuildPhase section */
		AD5266561A3042F7005FC268 /* Sources */ = {
			isa = PBXSourcesBuildPhase;
			buildActionMask = 2147483647;
			files = (
				AD5266661A3042F7005FC268 /* ViewController.mm in Sources */,
				AD5266631A3042F7005FC268 /* AppDelegate.m in Sources */,
				AD5266601A3042F7005FC268 /* main.m in Sources */,
			);
			runOnlyForDeploymentPostprocessing = 0;
		};
		AD52666F1A3042F8005FC268 /* Sources */ = {
			isa = PBXSourcesBuildPhase;
			buildActionMask = 2147483647;
			files = (
				AD52667A1A3042F8005FC268 /* FMMRDemoTests.m in Sources */,
			);
			runOnlyForDeploymentPostprocessing = 0;
		};
/* End PBXSourcesBuildPhase section */

/* Begin PBXTargetDependency section */
		AD5266751A3042F8005FC268 /* PBXTargetDependency */ = {
			isa = PBXTargetDependency;
			target = AD5266591A3042F7005FC268 /* FMMRDemo */;
			targetProxy = AD5266741A3042F8005FC268 /* PBXContainerItemProxy */;
		};
/* End PBXTargetDependency section */

/* Begin PBXVariantGroup section */
		AD5266671A3042F7005FC268 /* Main.storyboard */ = {
			isa = PBXVariantGroup;
			children = (
				AD5266681A3042F7005FC268 /* Base */,
			);
			name = Main.storyboard;
			sourceTree = "<group>";
		};
		AD52666C1A3042F7005FC268 /* LaunchScreen.xib */ = {
			isa = PBXVariantGroup;
			children = (
				AD52666D1A3042F7005FC268 /* Base */,
			);
			name = LaunchScreen.xib;
			sourceTree = "<group>";
		};
/* End PBXVariantGroup section */

/* Begin XCBuildConfiguration section */
		AD52667B1A3042F8005FC268 /* Debug */ = {
			isa = XCBuildConfiguration;
			buildSettings = {
				ALWAYS_SEARCH_USER_PATHS = NO;
				CLANG_CXX_LANGUAGE_STANDARD = "gnu++0x";
				CLANG_CXX_LIBRARY = "libc++";
				CLANG_ENABLE_MODULES = YES;
				CLANG_ENABLE_OBJC_ARC = YES;
				CLANG_WARN_BOOL_CONVERSION = YES;
				CLANG_WARN_CONSTANT_CONVERSION = YES;
				CLANG_WARN_DIRECT_OBJC_ISA_USAGE = YES_ERROR;
				CLANG_WARN_EMPTY_BODY = YES;
				CLANG_WARN_ENUM_CONVERSION = YES;
				CLANG_WARN_INT_CONVERSION = YES;
				CLANG_WARN_OBJC_ROOT_CLASS = YES_ERROR;
				CLANG_WARN_UNREACHABLE_CODE = YES;
				CLANG_WARN__DUPLICATE_METHOD_MATCH = YES;
				"CODE_SIGN_IDENTITY[sdk=iphoneos*]" = "iPhone Developer";
				COPY_PHASE_STRIP = NO;
				ENABLE_STRICT_OBJC_MSGSEND = YES;
				GCC_C_LANGUAGE_STANDARD = gnu99;
				GCC_DYNAMIC_NO_PIC = NO;
				GCC_OPTIMIZATION_LEVEL = 0;
				GCC_PREPROCESSOR_DEFINITIONS = (
					"DEBUG=1",
					"$(inherited)",
				);
				GCC_SYMBOLS_PRIVATE_EXTERN = NO;
				GCC_WARN_64_TO_32_BIT_CONVERSION = YES;
				GCC_WARN_ABOUT_RETURN_TYPE = YES_ERROR;
				GCC_WARN_UNDECLARED_SELECTOR = YES;
				GCC_WARN_UNINITIALIZED_AUTOS = YES_AGGRESSIVE;
				GCC_WARN_UNUSED_FUNCTION = YES;
				GCC_WARN_UNUSED_VARIABLE = YES;
				IPHONEOS_DEPLOYMENT_TARGET = 8.1;
				MTL_ENABLE_DEBUG_INFO = YES;
				ONLY_ACTIVE_ARCH = YES;
				SDKROOT = iphoneos;
				TARGETED_DEVICE_FAMILY = "1,2";
			};
			name = Debug;
		};
		AD52667C1A3042F8005FC268 /* Release */ = {
			isa = XCBuildConfiguration;
			buildSettings = {
				ALWAYS_SEARCH_USER_PATHS = NO;
				CLANG_CXX_LANGUAGE_STANDARD = "gnu++0x";
				CLANG_CXX_LIBRARY = "libc++";
				CLANG_ENABLE_MODULES = YES;
				CLANG_ENABLE_OBJC_ARC = YES;
				CLANG_WARN_BOOL_CONVERSION = YES;
				CLANG_WARN_CONSTANT_CONVERSION = YES;
				CLANG_WARN_DIRECT_OBJC_ISA_USAGE = YES_ERROR;
				CLANG_WARN_EMPTY_BODY = YES;
				CLANG_WARN_ENUM_CONVERSION = YES;
				CLANG_WARN_INT_CONVERSION = YES;
				CLANG_WARN_OBJC_ROOT_CLASS = YES_ERROR;
				CLANG_WARN_UNREACHABLE_CODE = YES;
				CLANG_WARN__DUPLICATE_METHOD_MATCH = YES;
				"CODE_SIGN_IDENTITY[sdk=iphoneos*]" = "iPhone Developer";
				COPY_PHASE_STRIP = YES;
				ENABLE_NS_ASSERTIONS = NO;
				ENABLE_STRICT_OBJC_MSGSEND = YES;
				GCC_C_LANGUAGE_STANDARD = gnu99;
				GCC_WARN_64_TO_32_BIT_CONVERSION = YES;
				GCC_WARN_ABOUT_RETURN_TYPE = YES_ERROR;
				GCC_WARN_UNDECLARED_SELECTOR = YES;
				GCC_WARN_UNINITIALIZED_AUTOS = YES_AGGRESSIVE;
				GCC_WARN_UNUSED_FUNCTION = YES;
				GCC_WARN_UNUSED_VARIABLE = YES;
				IPHONEOS_DEPLOYMENT_TARGET = 8.1;
				MTL_ENABLE_DEBUG_INFO = NO;
				SDKROOT = iphoneos;
				TARGETED_DEVICE_FAMILY = "1,2";
				VALIDATE_PRODUCT = YES;
			};
			name = Release;
		};
		AD52667E1A3042F8005FC268 /* Debug */ = {
			isa = XCBuildConfiguration;
			buildSettings = {
				ASSETCATALOG_COMPILER_APPICON_NAME = AppIcon;
				CLANG_ALLOW_NON_MODULAR_INCLUDES_IN_FRAMEWORK_MODULES = NO;
				HEADER_SEARCH_PATHS = "include/**";
				INFOPLIST_FILE = FMMRDemo/Info.plist;
				LD_RUNPATH_SEARCH_PATHS = "$(inherited) @executable_path/Frameworks";
				LIBRARY_SEARCH_PATHS = (
					"$(inherited)",
					"$(PROJECT_DIR)",
				);
				PRODUCT_NAME = "$(TARGET_NAME)";
			};
			name = Debug;
		};
		AD52667F1A3042F8005FC268 /* Release */ = {
			isa = XCBuildConfiguration;
			buildSettings = {
				ASSETCATALOG_COMPILER_APPICON_NAME = AppIcon;
				CLANG_ALLOW_NON_MODULAR_INCLUDES_IN_FRAMEWORK_MODULES = NO;
				HEADER_SEARCH_PATHS = "include/**";
				INFOPLIST_FILE = FMMRDemo/Info.plist;
				LD_RUNPATH_SEARCH_PATHS = "$(inherited) @executable_path/Frameworks";
				LIBRARY_SEARCH_PATHS = (
					"$(inherited)",
					"$(PROJECT_DIR)",
				);
				PRODUCT_NAME = "$(TARGET_NAME)";
			};
			name = Release;
		};
		AD5266811A3042F8005FC268 /* Debug */ = {
			isa = XCBuildConfiguration;
			buildSettings = {
				BUNDLE_LOADER = "$(TEST_HOST)";
				FRAMEWORK_SEARCH_PATHS = (
					"$(SDKROOT)/Developer/Library/Frameworks",
					"$(inherited)",
				);
				GCC_PREPROCESSOR_DEFINITIONS = (
					"DEBUG=1",
					"$(inherited)",
				);
				INFOPLIST_FILE = FMMRDemoTests/Info.plist;
				LD_RUNPATH_SEARCH_PATHS = "$(inherited) @executable_path/Frameworks @loader_path/Frameworks";
				PRODUCT_NAME = "$(TARGET_NAME)";
				TEST_HOST = "$(BUILT_PRODUCTS_DIR)/FMMRDemo.app/FMMRDemo";
			};
			name = Debug;
		};
		AD5266821A3042F8005FC268 /* Release */ = {
			isa = XCBuildConfiguration;
			buildSettings = {
				BUNDLE_LOADER = "$(TEST_HOST)";
				FRAMEWORK_SEARCH_PATHS = (
					"$(SDKROOT)/Developer/Library/Frameworks",
					"$(inherited)",
				);
				INFOPLIST_FILE = FMMRDemoTests/Info.plist;
				LD_RUNPATH_SEARCH_PATHS = "$(inherited) @executable_path/Frameworks @loader_path/Frameworks";
				PRODUCT_NAME = "$(TARGET_NAME)";
				TEST_HOST = "$(BUILT_PRODUCTS_DIR)/FMMRDemo.app/FMMRDemo";
			};
			name = Release;
		};
/* End XCBuildConfiguration section */

/* Begin XCConfigurationList section */
		AD5266551A3042F7005FC268 /* Build configuration list for PBXProject "FMMRDemo" */ = {
			isa = XCConfigurationList;
			buildConfigurations = (
				AD52667B1A3042F8005FC268 /* Debug */,
				AD52667C1A3042F8005FC268 /* Release */,
			);
			defaultConfigurationIsVisible = 0;
			defaultConfigurationName = Release;
		};
		AD52667D1A3042F8005FC268 /* Build configuration list for PBXNativeTarget "FMMRDemo" */ = {
			isa = XCConfigurationList;
			buildConfigurations = (
				AD52667E1A3042F8005FC268 /* Debug */,
				AD52667F1A3042F8005FC268 /* Release */,
			);
			defaultConfigurationIsVisible = 0;
			defaultConfigurationName = Release;
		};
		AD5266801A3042F8005FC268 /* Build configuration list for PBXNativeTarget "FMMRDemoTests" */ = {
			isa = XCConfigurationList;
			buildConfigurations = (
				AD5266811A3042F8005FC268 /* Debug */,
				AD5266821A3042F8005FC268 /* Release */,
			);
			defaultConfigurationIsVisible = 0;
			defaultConfigurationName = Release;
		};
/* End XCConfigurationList section */
	};
	rootObject = AD5266521A3042F7005FC268 /* Project object */;
}
